// !$*UTF8*$!
{
	archiveVersion = 1;
	classes = {
	};
	objectVersion = 50;
	objects = {

/* Begin PBXBuildFile section */
		16A1A84D218B161E00C84D79 /* AppDelegate.m in Sources */ = {isa = PBXBuildFile; fileRef = 16A1A84C218B161E00C84D79 /* AppDelegate.m */; };
		16A1A850218B161E00C84D79 /* ViewController.m in Sources */ = {isa = PBXBuildFile; fileRef = 16A1A84F218B161E00C84D79 /* ViewController.m */; };
		16A1A853218B161E00C84D79 /* Main.storyboard in Resources */ = {isa = PBXBuildFile; fileRef = 16A1A851218B161E00C84D79 /* Main.storyboard */; };
		16A1A855218B162000C84D79 /* Assets.xcassets in Resources */ = {isa = PBXBuildFile; fileRef = 16A1A854218B162000C84D79 /* Assets.xcassets */; };
		16A1A858218B162000C84D79 /* LaunchScreen.storyboard in Resources */ = {isa = PBXBuildFile; fileRef = 16A1A856218B162000C84D79 /* LaunchScreen.storyboard */; };
		16A1A85B218B162000C84D79 /* main.m in Sources */ = {isa = PBXBuildFile; fileRef = 16A1A85A218B162000C84D79 /* main.m */; };
		46E11B82390746684431D33F /* Pods_ZHKit.framework in Frameworks */ = {isa = PBXBuildFile; fileRef = 0B4FC7B8C672166D5D00E264 /* Pods_ZHKit.framework */; };
/* End PBXBuildFile section */

/* Begin PBXFileReference section */
		0B4FC7B8C672166D5D00E264 /* Pods_ZHKit.framework */ = {isa = PBXFileReference; explicitFileType = wrapper.framework; includeInIndex = 0; path = Pods_ZHKit.framework; sourceTree = BUILT_PRODUCTS_DIR; };
		16A1A848218B161E00C84D79 /* ZHKit.app */ = {isa = PBXFileReference; explicitFileType = wrapper.application; includeInIndex = 0; path = ZHKit.app; sourceTree = BUILT_PRODUCTS_DIR; };
		16A1A84B218B161E00C84D79 /* AppDelegate.h */ = {isa = PBXFileReference; lastKnownFileType = sourcecode.c.h; path = AppDelegate.h; sourceTree = "<group>"; };
		16A1A84C218B161E00C84D79 /* AppDelegate.m */ = {isa = PBXFileReference; lastKnownFileType = sourcecode.c.objc; path = AppDelegate.m; sourceTree = "<group>"; };
		16A1A84E218B161E00C84D79 /* ViewController.h */ = {isa = PBXFileReference; lastKnownFileType = sourcecode.c.h; path = ViewController.h; sourceTree = "<group>"; };
		16A1A84F218B161E00C84D79 /* ViewController.m */ = {isa = PBXFileReference; lastKnownFileType = sourcecode.c.objc; path = ViewController.m; sourceTree = "<group>"; };
		16A1A852218B161E00C84D79 /* Base */ = {isa = PBXFileReference; lastKnownFileType = file.storyboard; name = Base; path = Base.lproj/Main.storyboard; sourceTree = "<group>"; };
		16A1A854218B162000C84D79 /* Assets.xcassets */ = {isa = PBXFileReference; lastKnownFileType = folder.assetcatalog; path = Assets.xcassets; sourceTree = "<group>"; };
		16A1A857218B162000C84D79 /* Base */ = {isa = PBXFileReference; lastKnownFileType = file.storyboard; name = Base; path = Base.lproj/LaunchScreen.storyboard; sourceTree = "<group>"; };
		16A1A859218B162000C84D79 /* Info.plist */ = {isa = PBXFileReference; lastKnownFileType = text.plist.xml; path = Info.plist; sourceTree = "<group>"; };
		16A1A85A218B162000C84D79 /* main.m */ = {isa = PBXFileReference; lastKnownFileType = sourcecode.c.objc; path = main.m; sourceTree = "<group>"; };
		C7DBEDDF95446728F7CD32F3 /* Pods-ZHKit.release.xcconfig */ = {isa = PBXFileReference; includeInIndex = 1; lastKnownFileType = text.xcconfig; name = "Pods-ZHKit.release.xcconfig"; path = "Pods/Target Support Files/Pods-ZHKit/Pods-ZHKit.release.xcconfig"; sourceTree = "<group>"; };
		F3930F7A7094348BF9594232 /* Pods-ZHKit.debug.xcconfig */ = {isa = PBXFileReference; includeInIndex = 1; lastKnownFileType = text.xcconfig; name = "Pods-ZHKit.debug.xcconfig"; path = "Pods/Target Support Files/Pods-ZHKit/Pods-ZHKit.debug.xcconfig"; sourceTree = "<group>"; };
/* End PBXFileReference section */

/* Begin PBXFrameworksBuildPhase section */
		16A1A845218B161E00C84D79 /* Frameworks */ = {
			isa = PBXFrameworksBuildPhase;
			buildActionMask = 2147483647;
			files = (
				46E11B82390746684431D33F /* Pods_ZHKit.framework in Frameworks */,
			);
			runOnlyForDeploymentPostprocessing = 0;
		};
/* End PBXFrameworksBuildPhase section */

/* Begin PBXGroup section */
		16A1A83F218B161E00C84D79 = {
			isa = PBXGroup;
			children = (
				16A1A84A218B161E00C84D79 /* ZHKit */,
				16A1A849218B161E00C84D79 /* Products */,
				D4E5033F2A76CD81CA342F4A /* Pods */,
				6EE3C7584B3037C50BD6C07A /* Frameworks */,
			);
			sourceTree = "<group>";
		};
		16A1A849218B161E00C84D79 /* Products */ = {
			isa = PBXGroup;
			children = (
				16A1A848218B161E00C84D79 /* ZHKit.app */,
			);
			name = Products;
			sourceTree = "<group>";
		};
		16A1A84A218B161E00C84D79 /* ZHKit */ = {
			isa = PBXGroup;
			children = (
				16A1A84B218B161E00C84D79 /* AppDelegate.h */,
				16A1A84C218B161E00C84D79 /* AppDelegate.m */,
				16A1A84E218B161E00C84D79 /* ViewController.h */,
				16A1A84F218B161E00C84D79 /* ViewController.m */,
				16A1A851218B161E00C84D79 /* Main.storyboard */,
				16A1A854218B162000C84D79 /* Assets.xcassets */,
				16A1A856218B162000C84D79 /* LaunchScreen.storyboard */,
				16A1A859218B162000C84D79 /* Info.plist */,
				16A1A85A218B162000C84D79 /* main.m */,
			);
			path = ZHKit;
			sourceTree = "<group>";
		};
		6EE3C7584B3037C50BD6C07A /* Frameworks */ = {
			isa = PBXGroup;
			children = (
				0B4FC7B8C672166D5D00E264 /* Pods_ZHKit.framework */,
			);
			name = Frameworks;
			sourceTree = "<group>";
		};
		D4E5033F2A76CD81CA342F4A /* Pods */ = {
			isa = PBXGroup;
			children = (
				F3930F7A7094348BF9594232 /* Pods-ZHKit.debug.xcconfig */,
				C7DBEDDF95446728F7CD32F3 /* Pods-ZHKit.release.xcconfig */,
			);
			name = Pods;
			sourceTree = "<group>";
		};
/* End PBXGroup section */

/* Begin PBXNativeTarget section */
		16A1A847218B161E00C84D79 /* ZHKit */ = {
			isa = PBXNativeTarget;
			buildConfigurationList = 16A1A85E218B162000C84D79 /* Build configuration list for PBXNativeTarget "ZHKit" */;
			buildPhases = (
				3E9704D8BC7879B85485BDC2 /* [CP] Check Pods Manifest.lock */,
				16A1A844218B161E00C84D79 /* Sources */,
				16A1A845218B161E00C84D79 /* Frameworks */,
				16A1A846218B161E00C84D79 /* Resources */,
				19CFEE3F771D31C388AED1E5 /* [CP] Embed Pods Frameworks */,
			);
			buildRules = (
			);
			dependencies = (
			);
			name = ZHKit;
			productName = ZHKit;
			productReference = 16A1A848218B161E00C84D79 /* ZHKit.app */;
			productType = "com.apple.product-type.application";
		};
/* End PBXNativeTarget section */

/* Begin PBXProject section */
		16A1A840218B161E00C84D79 /* Project object */ = {
			isa = PBXProject;
			attributes = {
				LastUpgradeCheck = 1010;
				ORGANIZATIONNAME = CoderApple;
				TargetAttributes = {
					16A1A847218B161E00C84D79 = {
						CreatedOnToolsVersion = 10.1;
					};
				};
			};
			buildConfigurationList = 16A1A843218B161E00C84D79 /* Build configuration list for PBXProject "ZHKit" */;
			compatibilityVersion = "Xcode 9.3";
			developmentRegion = en;
			hasScannedForEncodings = 0;
			knownRegions = (
				en,
				Base,
			);
			mainGroup = 16A1A83F218B161E00C84D79;
			productRefGroup = 16A1A849218B161E00C84D79 /* Products */;
			projectDirPath = "";
			projectRoot = "";
			targets = (
				16A1A847218B161E00C84D79 /* ZHKit */,
			);
		};
/* End PBXProject section */

/* Begin PBXResourcesBuildPhase section */
		16A1A846218B161E00C84D79 /* Resources */ = {
			isa = PBXResourcesBuildPhase;
			buildActionMask = 2147483647;
			files = (
				16A1A858218B162000C84D79 /* LaunchScreen.storyboard in Resources */,
				16A1A855218B162000C84D79 /* Assets.xcassets in Resources */,
				16A1A853218B161E00C84D79 /* Main.storyboard in Resources */,
			);
			runOnlyForDeploymentPostprocessing = 0;
		};
/* End PBXResourcesBuildPhase section */

/* Begin PBXShellScriptBuildPhase section */
		19CFEE3F771D31C388AED1E5 /* [CP] Embed Pods Frameworks */ = {
			isa = PBXShellScriptBuildPhase;
			buildActionMask = 2147483647;
			files = (
			);
			inputPaths = (
				"${SRCROOT}/Pods/Target Support Files/Pods-ZHKit/Pods-ZHKit-frameworks.sh",
				"${BUILT_PRODUCTS_DIR}/ZHKit/ZHKit.framework",
			);
			name = "[CP] Embed Pods Frameworks";
			outputPaths = (
				"${TARGET_BUILD_DIR}/${FRAMEWORKS_FOLDER_PATH}/ZHKit.framework",
			);
			runOnlyForDeploymentPostprocessing = 0;
			shellPath = /bin/sh;
			shellScript = "\"${SRCROOT}/Pods/Target Support Files/Pods-ZHKit/Pods-ZHKit-frameworks.sh\"\n";
			showEnvVarsInLog = 0;
		};
		3E9704D8BC7879B85485BDC2 /* [CP] Check Pods Manifest.lock */ = {
			isa = PBXShellScriptBuildPhase;
			buildActionMask = 2147483647;
			files = (
			);
			inputPaths = (
				"${PODS_PODFILE_DIR_PATH}/Podfile.lock",
				"${PODS_ROOT}/Manifest.lock",
			);
			name = "[CP] Check Pods Manifest.lock";
			outputPaths = (
				"$(DERIVED_FILE_DIR)/Pods-ZHKit-checkManifestLockResult.txt",
			);
			runOnlyForDeploymentPostprocessing = 0;
			shellPath = /bin/sh;
			shellScript = "diff \"${PODS_PODFILE_DIR_PATH}/Podfile.lock\" \"${PODS_ROOT}/Manifest.lock\" > /dev/null\nif [ $? != 0 ] ; then\n    # print error to STDERR\n    echo \"error: The sandbox is not in sync with the Podfile.lock. Run 'pod install' or update your CocoaPods installation.\" >&2\n    exit 1\nfi\n# This output is used by Xcode 'outputs' to avoid re-running this script phase.\necho \"SUCCESS\" > \"${SCRIPT_OUTPUT_FILE_0}\"\n";
			showEnvVarsInLog = 0;
		};
/* End PBXShellScriptBuildPhase section */

/* Begin PBXSourcesBuildPhase section */
		16A1A844218B161E00C84D79 /* Sources */ = {
			isa = PBXSourcesBuildPhase;
			buildActionMask = 2147483647;
			files = (
				16A1A850218B161E00C84D79 /* ViewController.m in Sources */,
				16A1A85B218B162000C84D79 /* main.m in Sources */,
				16A1A84D218B161E00C84D79 /* AppDelegate.m in Sources */,
			);
			runOnlyForDeploymentPostprocessing = 0;
		};
/* End PBXSourcesBuildPhase section */

/* Begin PBXVariantGroup section */
		16A1A851218B161E00C84D79 /* Main.storyboard */ = {
			isa = PBXVariantGroup;
			children = (
				16A1A852218B161E00C84D79 /* Base */,
			);
			name = Main.storyboard;
			sourceTree = "<group>";
		};
		16A1A856218B162000C84D79 /* LaunchScreen.storyboard */ = {
			isa = PBXVariantGroup;
			children = (
				16A1A857218B162000C84D79 /* Base */,
			);
			name = LaunchScreen.storyboard;
			sourceTree = "<group>";
		};
/* End PBXVariantGroup section */

/* Begin XCBuildConfiguration section */
		16A1A85C218B162000C84D79 /* Debug */ = {
			isa = XCBuildConfiguration;
			buildSettings = {
				ALWAYS_SEARCH_USER_PATHS = NO;
				CLANG_ANALYZER_NONNULL = YES;
				CLANG_ANALYZER_NUMBER_OBJECT_CONVERSION = YES_AGGRESSIVE;
				CLANG_CXX_LANGUAGE_STANDARD = "gnu++14";
				CLANG_CXX_LIBRARY = "libc++";
				CLANG_ENABLE_MODULES = YES;
				CLANG_ENABLE_OBJC_ARC = YES;
				CLANG_ENABLE_OBJC_WEAK = YES;
				CLANG_WARN_BLOCK_CAPTURE_AUTORELEASING = YES;
				CLANG_WARN_BOOL_CONVERSION = YES;
				CLANG_WARN_COMMA = YES;
				CLANG_WARN_CONSTANT_CONVERSION = YES;
				CLANG_WARN_DEPRECATED_OBJC_IMPLEMENTATIONS = YES;
				CLANG_WARN_DIRECT_OBJC_ISA_USAGE = YES_ERROR;
				CLANG_WARN_DOCUMENTATION_COMMENTS = YES;
				CLANG_WARN_EMPTY_BODY = YES;
				CLANG_WARN_ENUM_CONVERSION = YES;
				CLANG_WARN_INFINITE_RECURSION = YES;
				CLANG_WARN_INT_CONVERSION = YES;
				CLANG_WARN_NON_LITERAL_NULL_CONVERSION = YES;
				CLANG_WARN_OBJC_IMPLICIT_RETAIN_SELF = YES;
				CLANG_WARN_OBJC_LITERAL_CONVERSION = YES;
				CLANG_WARN_OBJC_ROOT_CLASS = YES_ERROR;
				CLANG_WARN_RANGE_LOOP_ANALYSIS = YES;
				CLANG_WARN_STRICT_PROTOTYPES = YES;
				CLANG_WARN_SUSPICIOUS_MOVE = YES;
				CLANG_WARN_UNGUARDED_AVAILABILITY = YES_AGGRESSIVE;
				CLANG_WARN_UNREACHABLE_CODE = YES;
				CLANG_WARN__DUPLICATE_METHOD_MATCH = YES;
				CODE_SIGN_IDENTITY = "iPhone Developer";
				COPY_PHASE_STRIP = NO;
				DEBUG_INFORMATION_FORMAT = dwarf;
				ENABLE_STRICT_OBJC_MSGSEND = YES;
				ENABLE_TESTABILITY = YES;
				GCC_C_LANGUAGE_STANDARD = gnu11;
				GCC_DYNAMIC_NO_PIC = NO;
				GCC_NO_COMMON_BLOCKS = YES;
				GCC_OPTIMIZATION_LEVEL = 0;
				GCC_PREPROCESSOR_DEFINITIONS = (
					"DEBUG=1",
					"$(inherited)",
				);
				GCC_WARN_64_TO_32_BIT_CONVERSION = YES;
				GCC_WARN_ABOUT_RETURN_TYPE = YES_ERROR;
				GCC_WARN_UNDECLARED_SELECTOR = YES;
				GCC_WARN_UNINITIALIZED_AUTOS = YES_AGGRESSIVE;
				GCC_WARN_UNUSED_FUNCTION = YES;
				GCC_WARN_UNUSED_VARIABLE = YES;
				IPHONEOS_DEPLOYMENT_TARGET = 9.0;
				MTL_ENABLE_DEBUG_INFO = INCLUDE_SOURCE;
				MTL_FAST_MATH = YES;
				ONLY_ACTIVE_ARCH = YES;
				SDKROOT = iphoneos;
			};
			name = Debug;
		};
		16A1A85D218B162000C84D79 /* Release */ = {
			isa = XCBuildConfiguration;
			buildSettings = {
				ALWAYS_SEARCH_USER_PATHS = NO;
				CLANG_ANALYZER_NONNULL = YES;
				CLANG_ANALYZER_NUMBER_OBJECT_CONVERSION = YES_AGGRESSIVE;
				CLANG_CXX_LANGUAGE_STANDARD = "gnu++14";
				CLANG_CXX_LIBRARY = "libc++";
				CLANG_ENABLE_MODULES = YES;
				CLANG_ENABLE_OBJC_ARC = YES;
				CLANG_ENABLE_OBJC_WEAK = YES;
				CLANG_WARN_BLOCK_CAPTURE_AUTORELEASING = YES;
				CLANG_WARN_BOOL_CONVERSION = YES;
				CLANG_WARN_COMMA = YES;
				CLANG_WARN_CONSTANT_CONVERSION = YES;
				CLANG_WARN_DEPRECATED_OBJC_IMPLEMENTATIONS = YES;
				CLANG_WARN_DIRECT_OBJC_ISA_USAGE = YES_ERROR;
				CLANG_WARN_DOCUMENTATION_COMMENTS = YES;
				CLANG_WARN_EMPTY_BODY = YES;
				CLANG_WARN_ENUM_CONVERSION = YES;
				CLANG_WARN_INFINITE_RECURSION = YES;
				CLANG_WARN_INT_CONVERSION = YES;
				CLANG_WARN_NON_LITERAL_NULL_CONVERSION = YES;
				CLANG_WARN_OBJC_IMPLICIT_RETAIN_SELF = YES;
				CLANG_WARN_OBJC_LITERAL_CONVERSION = YES;
				CLANG_WARN_OBJC_ROOT_CLASS = YES_ERROR;
				CLANG_WARN_RANGE_LOOP_ANALYSIS = YES;
				CLANG_WARN_STRICT_PROTOTYPES = YES;
				CLANG_WARN_SUSPICIOUS_MOVE = YES;
				CLANG_WARN_UNGUARDED_AVAILABILITY = YES_AGGRESSIVE;
				CLANG_WARN_UNREACHABLE_CODE = YES;
				CLANG_WARN__DUPLICATE_METHOD_MATCH = YES;
				CODE_SIGN_IDENTITY = "iPhone Developer";
				COPY_PHASE_STRIP = NO;
				DEBUG_INFORMATION_FORMAT = "dwarf-with-dsym";
				ENABLE_NS_ASSERTIONS = NO;
				ENABLE_STRICT_OBJC_MSGSEND = YES;
				GCC_C_LANGUAGE_STANDARD = gnu11;
				GCC_NO_COMMON_BLOCKS = YES;
				GCC_WARN_64_TO_32_BIT_CONVERSION = YES;
				GCC_WARN_ABOUT_RETURN_TYPE = YES_ERROR;
				GCC_WARN_UNDECLARED_SELECTOR = YES;
				GCC_WARN_UNINITIALIZED_AUTOS = YES_AGGRESSIVE;
				GCC_WARN_UNUSED_FUNCTION = YES;
				GCC_WARN_UNUSED_VARIABLE = YES;
				IPHONEOS_DEPLOYMENT_TARGET = 9.0;
				MTL_ENABLE_DEBUG_INFO = NO;
				MTL_FAST_MATH = YES;
				SDKROOT = iphoneos;
				VALIDATE_PRODUCT = YES;
			};
			name = Release;
		};
		16A1A85F218B162000C84D79 /* Debug */ = {
			isa = XCBuildConfiguration;
			baseConfigurationReference = F3930F7A7094348BF9594232 /* Pods-ZHKit.debug.xcconfig */;
			buildSettings = {
				ASSETCATALOG_COMPILER_APPICON_NAME = AppIcon;
				CODE_SIGN_STYLE = Automatic;
				DEVELOPMENT_TEAM = W95LSXPBS2;
				INFOPLIST_FILE = ZHKit/Info.plist;
				LD_RUNPATH_SEARCH_PATHS = (
					"$(inherited)",
					"@executable_path/Frameworks",
				);
				PRODUCT_BUNDLE_IDENTIFIER = com.lee.ZHKit;
				PRODUCT_NAME = "$(TARGET_NAME)";
				TARGETED_DEVICE_FAMILY = "1,2";
			};
			name = Debug;
		};
		16A1A860218B162000C84D79 /* Release */ = {
			isa = XCBuildConfiguration;
			baseConfigurationReference = C7DBEDDF95446728F7CD32F3 /* Pods-ZHKit.release.xcconfig */;
			buildSettings = {
				ASSETCATALOG_COMPILER_APPICON_NAME = AppIcon;
				CODE_SIGN_STYLE = Automatic;
				DEVELOPMENT_TEAM = W95LSXPBS2;
				INFOPLIST_FILE = ZHKit/Info.plist;
				LD_RUNPATH_SEARCH_PATHS = (
					"$(inherited)",
					"@executable_path/Frameworks",
				);
				PRODUCT_BUNDLE_IDENTIFIER = com.lee.ZHKit;
				PRODUCT_NAME = "$(TARGET_NAME)";
				TARGETED_DEVICE_FAMILY = "1,2";
			};
			name = Release;
		};
/* End XCBuildConfiguration section */

/* Begin XCConfigurationList section */
		16A1A843218B161E00C84D79 /* Build configuration list for PBXProject "ZHKit" */ = {
			isa = XCConfigurationList;
			buildConfigurations = (
				16A1A85C218B162000C84D79 /* Debug */,
				16A1A85D218B162000C84D79 /* Release */,
			);
			defaultConfigurationIsVisible = 0;
			defaultConfigurationName = Release;
		};
		16A1A85E218B162000C84D79 /* Build configuration list for PBXNativeTarget "ZHKit" */ = {
			isa = XCConfigurationList;
			buildConfigurations = (
				16A1A85F218B162000C84D79 /* Debug */,
				16A1A860218B162000C84D79 /* Release */,
			);
			defaultConfigurationIsVisible = 0;
			defaultConfigurationName = Release;
		};
/* End XCConfigurationList section */
	};
	rootObject = 16A1A840218B161E00C84D79 /* Project object */;
}
